
Microsoft Visual Studio Solution File, Format Version 12.00
# Visual Studio Version 17
VisualStudioVersion = 17.0.31903.59
MinimumVisualStudioVersion = 10.0.40219.1
Project("{2150E333-8FDC-42A3-9474-1A3956D46DE8}") = "src", "src", "{827E0CD3-B72D-47B6-A68D-7590B98EB39B}"
EndProject
Project("{FAE04EC0-301F-11D3-BF4B-00C04F79EFBC}") = "FiapX.VideoManagement.Api", "src\FiapX.VideoManagement.Api\FiapX.VideoManagement.Api.csproj", "{EF19D3B5-8414-49F1-85BE-3BCB4BF41F04}"
EndProject
Project("{FAE04EC0-301F-11D3-BF4B-00C04F79EFBC}") = "FiapX.VideoManagement.Domain", "src\FiapX.VideoManagement.Domain\FiapX.VideoManagement.Domain.csproj", "{92B2A1B0-EAB4-44A4-9D37-6E975F3BAC8B}"
EndProject
Project("{FAE04EC0-301F-11D3-BF4B-00C04F79EFBC}") = "FiapX.VideoManagement.Application", "src\FiapX.VideoManagement.Application\FiapX.VideoManagement.Application.csproj", "{6A027BE1-3EBD-415C-85D2-2A1A785E8935}"
EndProject
Project("{FAE04EC0-301F-11D3-BF4B-00C04F79EFBC}") = "FiapX.VideoManagement.Infrastructure", "src\FiapX.VideoManagement.Infrastructure\FiapX.VideoManagement.Infrastructure.csproj", "{75E4ADA1-4F83-445E-ACE7-B1EF4F5B74A2}"
EndProject
Project("{2150E333-8FDC-42A3-9474-1A3956D46DE8}") = "tests", "tests", "{0AB3BF05-4346-4AA6-1389-037BE0695223}"
EndProject
Project("{FAE04EC0-301F-11D3-BF4B-00C04F79EFBC}") = "FiapX.VideoManagement.Tests", "tests\FiapX.VideoManagement.Tests\FiapX.VideoManagement.Tests.csproj", "{330CA75F-5E87-43BA-8821-179E8D30F9D3}"
EndProject
Global
	GlobalSection(SolutionConfigurationPlatforms) = preSolution
		Debug|Any CPU = Debug|Any CPU
		Debug|x64 = Debug|x64
		Debug|x86 = Debug|x86
		Release|Any CPU = Release|Any CPU
		Release|x64 = Release|x64
		Release|x86 = Release|x86
	EndGlobalSection
	GlobalSection(ProjectConfigurationPlatforms) = postSolution
		{EF19D3B5-8414-49F1-85BE-3BCB4BF41F04}.Debug|Any CPU.ActiveCfg = Debug|Any CPU
		{EF19D3B5-8414-49F1-85BE-3BCB4BF41F04}.Debug|Any CPU.Build.0 = Debug|Any CPU
		{EF19D3B5-8414-49F1-85BE-3BCB4BF41F04}.Debug|x64.ActiveCfg = Debug|Any CPU
		{EF19D3B5-8414-49F1-85BE-3BCB4BF41F04}.Debug|x64.Build.0 = Debug|Any CPU
		{EF19D3B5-8414-49F1-85BE-3BCB4BF41F04}.Debug|x86.ActiveCfg = Debug|Any CPU
		{EF19D3B5-8414-49F1-85BE-3BCB4BF41F04}.Debug|x86.Build.0 = Debug|Any CPU
		{EF19D3B5-8414-49F1-85BE-3BCB4BF41F04}.Release|Any CPU.ActiveCfg = Release|Any CPU
		{EF19D3B5-8414-49F1-85BE-3BCB4BF41F04}.Release|Any CPU.Build.0 = Release|Any CPU
		{EF19D3B5-8414-49F1-85BE-3BCB4BF41F04}.Release|x64.ActiveCfg = Release|Any CPU
		{EF19D3B5-8414-49F1-85BE-3BCB4BF41F04}.Release|x64.Build.0 = Release|Any CPU
		{EF19D3B5-8414-49F1-85BE-3BCB4BF41F04}.Release|x86.ActiveCfg = Release|Any CPU
		{EF19D3B5-8414-49F1-85BE-3BCB4BF41F04}.Release|x86.Build.0 = Release|Any CPU
		{92B2A1B0-EAB4-44A4-9D37-6E975F3BAC8B}.Debug|Any CPU.ActiveCfg = Debug|Any CPU
		{92B2A1B0-EAB4-44A4-9D37-6E975F3BAC8B}.Debug|Any CPU.Build.0 = Debug|Any CPU
		{92B2A1B0-EAB4-44A4-9D37-6E975F3BAC8B}.Debug|x64.ActiveCfg = Debug|Any CPU
		{92B2A1B0-EAB4-44A4-9D37-6E975F3BAC8B}.Debug|x64.Build.0 = Debug|Any CPU
		{92B2A1B0-EAB4-44A4-9D37-6E975F3BAC8B}.Debug|x86.ActiveCfg = Debug|Any CPU
		{92B2A1B0-EAB4-44A4-9D37-6E975F3BAC8B}.Debug|x86.Build.0 = Debug|Any CPU
		{92B2A1B0-EAB4-44A4-9D37-6E975F3BAC8B}.Release|Any CPU.ActiveCfg = Release|Any CPU
		{92B2A1B0-EAB4-44A4-9D37-6E975F3BAC8B}.Release|Any CPU.Build.0 = Release|Any CPU
		{92B2A1B0-EAB4-44A4-9D37-6E975F3BAC8B}.Release|x64.ActiveCfg = Release|Any CPU
		{92B2A1B0-EAB4-44A4-9D37-6E975F3BAC8B}.Release|x64.Build.0 = Release|Any CPU
		{92B2A1B0-EAB4-44A4-9D37-6E975F3BAC8B}.Release|x86.ActiveCfg = Release|Any CPU
		{92B2A1B0-EAB4-44A4-9D37-6E975F3BAC8B}.Release|x86.Build.0 = Release|Any CPU
		{6A027BE1-3EBD-415C-85D2-2A1A785E8935}.Debug|Any CPU.ActiveCfg = Debug|Any CPU
		{6A027BE1-3EBD-415C-85D2-2A1A785E8935}.Debug|Any CPU.Build.0 = Debug|Any CPU
		{6A027BE1-3EBD-415C-85D2-2A1A785E8935}.Debug|x64.ActiveCfg = Debug|Any CPU
		{6A027BE1-3EBD-415C-85D2-2A1A785E8935}.Debug|x64.Build.0 = Debug|Any CPU
		{6A027BE1-3EBD-415C-85D2-2A1A785E8935}.Debug|x86.ActiveCfg = Debug|Any CPU
		{6A027BE1-3EBD-415C-85D2-2A1A785E8935}.Debug|x86.Build.0 = Debug|Any CPU
		{6A027BE1-3EBD-415C-85D2-2A1A785E8935}.Release|Any CPU.ActiveCfg = Release|Any CPU
		{6A027BE1-3EBD-415C-85D2-2A1A785E8935}.Release|Any CPU.Build.0 = Release|Any CPU
		{6A027BE1-3EBD-415C-85D2-2A1A785E8935}.Release|x64.ActiveCfg = Release|Any CPU
		{6A027BE1-3EBD-415C-85D2-2A1A785E8935}.Release|x64.Build.0 = Release|Any CPU
		{6A027BE1-3EBD-415C-85D2-2A1A785E8935}.Release|x86.ActiveCfg = Release|Any CPU
		{6A027BE1-3EBD-415C-85D2-2A1A785E8935}.Release|x86.Build.0 = Release|Any CPU
		{75E4ADA1-4F83-445E-ACE7-B1EF4F5B74A2}.Debug|Any CPU.ActiveCfg = Debug|Any CPU
		{75E4ADA1-4F83-445E-ACE7-B1EF4F5B74A2}.Debug|Any CPU.Build.0 = Debug|Any CPU
		{75E4ADA1-4F83-445E-ACE7-B1EF4F5B74A2}.Debug|x64.ActiveCfg = Debug|Any CPU
		{75E4ADA1-4F83-445E-ACE7-B1EF4F5B74A2}.Debug|x64.Build.0 = Debug|Any CPU
		{75E4ADA1-4F83-445E-ACE7-B1EF4F5B74A2}.Debug|x86.ActiveCfg = Debug|Any CPU
		{75E4ADA1-4F83-445E-ACE7-B1EF4F5B74A2}.Debug|x86.Build.0 = Debug|Any CPU
		{75E4ADA1-4F83-445E-ACE7-B1EF4F5B74A2}.Release|Any CPU.ActiveCfg = Release|Any CPU
		{75E4ADA1-4F83-445E-ACE7-B1EF4F5B74A2}.Release|Any CPU.Build.0 = Release|Any CPU
		{75E4ADA1-4F83-445E-ACE7-B1EF4F5B74A2}.Release|x64.ActiveCfg = Release|Any CPU
		{75E4ADA1-4F83-445E-ACE7-B1EF4F5B74A2}.Release|x64.Build.0 = Release|Any CPU
		{75E4ADA1-4F83-445E-ACE7-B1EF4F5B74A2}.Release|x86.ActiveCfg = Release|Any CPU
		{75E4ADA1-4F83-445E-ACE7-B1EF4F5B74A2}.Release|x86.Build.0 = Release|Any CPU
		{330CA75F-5E87-43BA-8821-179E8D30F9D3}.Debug|Any CPU.ActiveCfg = Debug|Any CPU
		{330CA75F-5E87-43BA-8821-179E8D30F9D3}.Debug|Any CPU.Build.0 = Debug|Any CPU
		{330CA75F-5E87-43BA-8821-179E8D30F9D3}.Debug|x64.ActiveCfg = Debug|Any CPU
		{330CA75F-5E87-43BA-8821-179E8D30F9D3}.Debug|x64.Build.0 = Debug|Any CPU
		{330CA75F-5E87-43BA-8821-179E8D30F9D3}.Debug|x86.ActiveCfg = Debug|Any CPU
		{330CA75F-5E87-43BA-8821-179E8D30F9D3}.Debug|x86.Build.0 = Debug|Any CPU
		{330CA75F-5E87-43BA-8821-179E8D30F9D3}.Release|Any CPU.ActiveCfg = Release|Any CPU
		{330CA75F-5E87-43BA-8821-179E8D30F9D3}.Release|Any CPU.Build.0 = Release|Any CPU
		{330CA75F-5E87-43BA-8821-179E8D30F9D3}.Release|x64.ActiveCfg = Release|Any CPU
		{330CA75F-5E87-43BA-8821-179E8D30F9D3}.Release|x64.Build.0 = Release|Any CPU
		{330CA75F-5E87-43BA-8821-179E8D30F9D3}.Release|x86.ActiveCfg = Release|Any CPU
		{330CA75F-5E87-43BA-8821-179E8D30F9D3}.Release|x86.Build.0 = Release|Any CPU
	EndGlobalSection
	GlobalSection(SolutionProperties) = preSolution
		HideSolutionNode = FALSE
	EndGlobalSection
	GlobalSection(NestedProjects) = preSolution
		{EF19D3B5-8414-49F1-85BE-3BCB4BF41F04} = {827E0CD3-B72D-47B6-A68D-7590B98EB39B}
		{92B2A1B0-EAB4-44A4-9D37-6E975F3BAC8B} = {827E0CD3-B72D-47B6-A68D-7590B98EB39B}
		{6A027BE1-3EBD-415C-85D2-2A1A785E8935} = {827E0CD3-B72D-47B6-A68D-7590B98EB39B}
		{75E4ADA1-4F83-445E-ACE7-B1EF4F5B74A2} = {827E0CD3-B72D-47B6-A68D-7590B98EB39B}
		{330CA75F-5E87-43BA-8821-179E8D30F9D3} = {0AB3BF05-4346-4AA6-1389-037BE0695223}
	EndGlobalSection
EndGlobal
